
Microsoft Visual Studio Solution File, Format Version 12.00
# Visual Studio Version 16
VisualStudioVersion = 16.0.31005.135
MinimumVisualStudioVersion = 10.0.40219.1
Project("{FAE04EC0-301F-11D3-BF4B-00C04F79EFBC}") = "TicTacToe", "TicTacToe\TicTacToe.csproj", "{3753EFC5-2954-4CF5-8178-B83B04FD7B74}"
EndProject
Project("{FAE04EC0-301F-11D3-BF4B-00C04F79EFBC}") = "TicTacToe.UnitTest", "TicTacToe.UnitTest\TicTacToe.UnitTest.csproj", "{3B14A797-E7E7-4571-8C3F-7A88A78806C2}"
EndProject
Global
	GlobalSection(SolutionConfigurationPlatforms) = preSolution
		Debug|Any CPU = Debug|Any CPU
		Release|Any CPU = Release|Any CPU
	EndGlobalSection
	GlobalSection(ProjectConfigurationPlatforms) = postSolution
		{3753EFC5-2954-4CF5-8178-B83B04FD7B74}.Debug|Any CPU.ActiveCfg = Debug|Any CPU
		{3753EFC5-2954-4CF5-8178-B83B04FD7B74}.Debug|Any CPU.Build.0 = Debug|Any CPU
		{3753EFC5-2954-4CF5-8178-B83B04FD7B74}.Release|Any CPU.ActiveCfg = Release|Any CPU
		{3753EFC5-2954-4CF5-8178-B83B04FD7B74}.Release|Any CPU.Build.0 = Release|Any CPU
		{3B14A797-E7E7-4571-8C3F-7A88A78806C2}.Debug|Any CPU.ActiveCfg = Debug|Any CPU
		{3B14A797-E7E7-4571-8C3F-7A88A78806C2}.Debug|Any CPU.Build.0 = Debug|Any CPU
		{3B14A797-E7E7-4571-8C3F-7A88A78806C2}.Release|Any CPU.ActiveCfg = Release|Any CPU
		{3B14A797-E7E7-4571-8C3F-7A88A78806C2}.Release|Any CPU.Build.0 = Release|Any CPU
	EndGlobalSection
	GlobalSection(SolutionProperties) = preSolution
		HideSolutionNode = FALSE
	EndGlobalSection
	GlobalSection(ExtensibilityGlobals) = postSolution
		SolutionGuid = {810D9C29-D7CC-4CB2-BD75-5D7DB4A61459}
	EndGlobalSection
EndGlobal
